
Microsoft Visual Studio Solution File, Format Version 12.00
# Visual Studio Version 17
VisualStudioVersion = 17.11.35327.3
MinimumVisualStudioVersion = 10.0.40219.1
Project("{FAE04EC0-301F-11D3-BF4B-00C04F79EFBC}") = "QuanLySinhVien", "QuanLySinhVien\QuanLySinhVien.csproj", "{6D35F78C-2B64-4047-97C6-5AA763D2B1D3}"
EndProject
Global
	GlobalSection(SolutionConfigurationPlatforms) = preSolution
		Debug|Any CPU = Debug|Any CPU
		Release|Any CPU = Release|Any CPU
	EndGlobalSection
	GlobalSection(ProjectConfigurationPlatforms) = postSolution
		{6D35F78C-2B64-4047-97C6-5AA763D2B1D3}.Debug|Any CPU.ActiveCfg = Debug|Any CPU
		{6D35F78C-2B64-4047-97C6-5AA763D2B1D3}.Debug|Any CPU.Build.0 = Debug|Any CPU
		{6D35F78C-2B64-4047-97C6-5AA763D2B1D3}.Release|Any CPU.ActiveCfg = Release|Any CPU
		{6D35F78C-2B64-4047-97C6-5AA763D2B1D3}.Release|Any CPU.Build.0 = Release|Any CPU
	EndGlobalSection
	GlobalSection(SolutionProperties) = preSolution
		HideSolutionNode = FALSE
	EndGlobalSection
	GlobalSection(ExtensibilityGlobals) = postSolution
		SolutionGuid = {3B63EB88-905F-4DE8-90F3-21D29851C867}
	EndGlobalSection
EndGlobal
